// !$*UTF8*$!
{
	archiveVersion = 1;
	classes = {
	};
	objectVersion = 46;
	objects = {

/* Begin PBXBuildFile section */
		8B8B53431AF1FC5800108D11 /* Images.xcassets in Resources */ = {isa = PBXBuildFile; fileRef = 8B8B53421AF1FC5800108D11 /* Images.xcassets */; };
		8B8B53521AF1FC5900108D11 /* SimpleFRPBindingsTests.swift in Sources */ = {isa = PBXBuildFile; fileRef = 8B8B53511AF1FC5900108D11 /* SimpleFRPBindingsTests.swift */; };
		8B8B535E1AF1FCBC00108D11 /* MainMenu.xib in Resources */ = {isa = PBXBuildFile; fileRef = 8B8B535B1AF1FCBC00108D11 /* MainMenu.xib */; };
		8B8B535F1AF1FCBC00108D11 /* MainViewController.swift in Sources */ = {isa = PBXBuildFile; fileRef = 8B8B535C1AF1FCBC00108D11 /* MainViewController.swift */; };
		8B8B53601AF1FCBC00108D11 /* MainViewLogic.swift in Sources */ = {isa = PBXBuildFile; fileRef = 8B8B535D1AF1FCBC00108D11 /* MainViewLogic.swift */; };
		8B8B536A1AF1FD5900108D11 /* SimpleSwiftFRP.framework in Frameworks */ = {isa = PBXBuildFile; fileRef = 8B8B53671AF1FD5200108D11 /* SimpleSwiftFRP.framework */; };
		8B8B536B1AF1FD5900108D11 /* SimpleSwiftFRP.framework in Embed Frameworks */ = {isa = PBXBuildFile; fileRef = 8B8B53671AF1FD5200108D11 /* SimpleSwiftFRP.framework */; settings = {ATTRIBUTES = (CodeSignOnCopy, RemoveHeadersOnCopy, ); }; };
/* End PBXBuildFile section */

/* Begin PBXContainerItemProxy section */
		8B8B534C1AF1FC5800108D11 /* PBXContainerItemProxy */ = {
			isa = PBXContainerItemProxy;
			containerPortal = 8B8B53331AF1FC5800108D11 /* Project object */;
			proxyType = 1;
			remoteGlobalIDString = 8B8B533A1AF1FC5800108D11;
			remoteInfo = SimpleFRPBindings;
		};
		8B8B53661AF1FD5200108D11 /* PBXContainerItemProxy */ = {
			isa = PBXContainerItemProxy;
			containerPortal = 8B8B53611AF1FD5200108D11 /* SimpleSwiftFRP.xcodeproj */;
			proxyType = 2;
			remoteGlobalIDString = 8BB3E6CA1AD6232A00E90CFF;
			remoteInfo = SimpleSwiftFRP;
		};
		8B8B53681AF1FD5200108D11 /* PBXContainerItemProxy */ = {
			isa = PBXContainerItemProxy;
			containerPortal = 8B8B53611AF1FD5200108D11 /* SimpleSwiftFRP.xcodeproj */;
			proxyType = 2;
			remoteGlobalIDString = 8BB3E6D51AD6232B00E90CFF;
			remoteInfo = SimpleSwiftFRPTests;
		};
		8B8B536C1AF1FD5900108D11 /* PBXContainerItemProxy */ = {
			isa = PBXContainerItemProxy;
			containerPortal = 8B8B53611AF1FD5200108D11 /* SimpleSwiftFRP.xcodeproj */;
			proxyType = 1;
			remoteGlobalIDString = 8BB3E6C91AD6232A00E90CFF;
			remoteInfo = SimpleSwiftFRP;
		};
/* End PBXContainerItemProxy section */

/* Begin PBXCopyFilesBuildPhase section */
		8B8B536E1AF1FD5A00108D11 /* Embed Frameworks */ = {
			isa = PBXCopyFilesBuildPhase;
			buildActionMask = 2147483647;
			dstPath = "";
			dstSubfolderSpec = 10;
			files = (
				8B8B536B1AF1FD5900108D11 /* SimpleSwiftFRP.framework in Embed Frameworks */,
			);
			name = "Embed Frameworks";
			runOnlyForDeploymentPostprocessing = 0;
		};
/* End PBXCopyFilesBuildPhase section */

/* Begin PBXFileReference section */
		8B8B533B1AF1FC5800108D11 /* SimpleFRPBindings.app */ = {isa = PBXFileReference; explicitFileType = wrapper.application; includeInIndex = 0; path = SimpleFRPBindings.app; sourceTree = BUILT_PRODUCTS_DIR; };
		8B8B533F1AF1FC5800108D11 /* Info.plist */ = {isa = PBXFileReference; lastKnownFileType = text.plist.xml; path = Info.plist; sourceTree = "<group>"; };
		8B8B53421AF1FC5800108D11 /* Images.xcassets */ = {isa = PBXFileReference; lastKnownFileType = folder.assetcatalog; path = Images.xcassets; sourceTree = "<group>"; };
		8B8B534B1AF1FC5800108D11 /* SimpleFRPBindingsTests.xctest */ = {isa = PBXFileReference; explicitFileType = wrapper.cfbundle; includeInIndex = 0; path = SimpleFRPBindingsTests.xctest; sourceTree = BUILT_PRODUCTS_DIR; };
		8B8B53501AF1FC5800108D11 /* Info.plist */ = {isa = PBXFileReference; lastKnownFileType = text.plist.xml; path = Info.plist; sourceTree = "<group>"; };
		8B8B53511AF1FC5900108D11 /* SimpleFRPBindingsTests.swift */ = {isa = PBXFileReference; lastKnownFileType = sourcecode.swift; path = SimpleFRPBindingsTests.swift; sourceTree = "<group>"; };
		8B8B535B1AF1FCBC00108D11 /* MainMenu.xib */ = {isa = PBXFileReference; fileEncoding = 4; lastKnownFileType = file.xib; path = MainMenu.xib; sourceTree = "<group>"; };
		8B8B535C1AF1FCBC00108D11 /* MainViewController.swift */ = {isa = PBXFileReference; fileEncoding = 4; lastKnownFileType = sourcecode.swift; path = MainViewController.swift; sourceTree = "<group>"; };
		8B8B535D1AF1FCBC00108D11 /* MainViewLogic.swift */ = {isa = PBXFileReference; fileEncoding = 4; lastKnownFileType = sourcecode.swift; path = MainViewLogic.swift; sourceTree = "<group>"; };
		8B8B53611AF1FD5200108D11 /* SimpleSwiftFRP.xcodeproj */ = {isa = PBXFileReference; lastKnownFileType = "wrapper.pb-project"; name = SimpleSwiftFRP.xcodeproj; path = ../SimpleSwiftFRP/SimpleSwiftFRP.xcodeproj; sourceTree = "<group>"; };
/* End PBXFileReference section */

/* Begin PBXFrameworksBuildPhase section */
		8B8B53381AF1FC5800108D11 /* Frameworks */ = {
			isa = PBXFrameworksBuildPhase;
			buildActionMask = 2147483647;
			files = (
				8B8B536A1AF1FD5900108D11 /* SimpleSwiftFRP.framework in Frameworks */,
			);
			runOnlyForDeploymentPostprocessing = 0;
		};
		8B8B53481AF1FC5800108D11 /* Frameworks */ = {
			isa = PBXFrameworksBuildPhase;
			buildActionMask = 2147483647;
			files = (
			);
			runOnlyForDeploymentPostprocessing = 0;
		};
/* End PBXFrameworksBuildPhase section */

/* Begin PBXGroup section */
		8B8B53321AF1FC5800108D11 = {
			isa = PBXGroup;
			children = (
				8B8B53611AF1FD5200108D11 /* SimpleSwiftFRP.xcodeproj */,
				8B8B533D1AF1FC5800108D11 /* SimpleFRPBindings */,
				8B8B534E1AF1FC5800108D11 /* SimpleFRPBindingsTests */,
				8B8B533C1AF1FC5800108D11 /* Products */,
			);
			sourceTree = "<group>";
		};
		8B8B533C1AF1FC5800108D11 /* Products */ = {
			isa = PBXGroup;
			children = (
				8B8B533B1AF1FC5800108D11 /* SimpleFRPBindings.app */,
				8B8B534B1AF1FC5800108D11 /* SimpleFRPBindingsTests.xctest */,
			);
			name = Products;
			sourceTree = "<group>";
		};
		8B8B533D1AF1FC5800108D11 /* SimpleFRPBindings */ = {
			isa = PBXGroup;
			children = (
				8B8B535C1AF1FCBC00108D11 /* MainViewController.swift */,
				8B8B535D1AF1FCBC00108D11 /* MainViewLogic.swift */,
				8B8B535B1AF1FCBC00108D11 /* MainMenu.xib */,
				8B8B53421AF1FC5800108D11 /* Images.xcassets */,
				8B8B533E1AF1FC5800108D11 /* Supporting Files */,
			);
			path = SimpleFRPBindings;
			sourceTree = "<group>";
		};
		8B8B533E1AF1FC5800108D11 /* Supporting Files */ = {
			isa = PBXGroup;
			children = (
				8B8B533F1AF1FC5800108D11 /* Info.plist */,
			);
			name = "Supporting Files";
			sourceTree = "<group>";
		};
		8B8B534E1AF1FC5800108D11 /* SimpleFRPBindingsTests */ = {
			isa = PBXGroup;
			children = (
				8B8B53511AF1FC5900108D11 /* SimpleFRPBindingsTests.swift */,
				8B8B534F1AF1FC5800108D11 /* Supporting Files */,
			);
			path = SimpleFRPBindingsTests;
			sourceTree = "<group>";
		};
		8B8B534F1AF1FC5800108D11 /* Supporting Files */ = {
			isa = PBXGroup;
			children = (
				8B8B53501AF1FC5800108D11 /* Info.plist */,
			);
			name = "Supporting Files";
			sourceTree = "<group>";
		};
		8B8B53621AF1FD5200108D11 /* Products */ = {
			isa = PBXGroup;
			children = (
				8B8B53671AF1FD5200108D11 /* SimpleSwiftFRP.framework */,
				8B8B53691AF1FD5200108D11 /* SimpleSwiftFRPTests.xctest */,
			);
			name = Products;
			sourceTree = "<group>";
		};
/* End PBXGroup section */

/* Begin PBXNativeTarget section */
		8B8B533A1AF1FC5800108D11 /* SimpleFRPBindings */ = {
			isa = PBXNativeTarget;
			buildConfigurationList = 8B8B53551AF1FC5900108D11 /* Build configuration list for PBXNativeTarget "SimpleFRPBindings" */;
			buildPhases = (
				8B8B53371AF1FC5800108D11 /* Sources */,
				8B8B53381AF1FC5800108D11 /* Frameworks */,
				8B8B53391AF1FC5800108D11 /* Resources */,
				8B8B536E1AF1FD5A00108D11 /* Embed Frameworks */,
			);
			buildRules = (
			);
			dependencies = (
				8B8B536D1AF1FD5900108D11 /* PBXTargetDependency */,
			);
			name = SimpleFRPBindings;
			productName = SimpleFRPBindings;
			productReference = 8B8B533B1AF1FC5800108D11 /* SimpleFRPBindings.app */;
			productType = "com.apple.product-type.application";
		};
		8B8B534A1AF1FC5800108D11 /* SimpleFRPBindingsTests */ = {
			isa = PBXNativeTarget;
			buildConfigurationList = 8B8B53581AF1FC5900108D11 /* Build configuration list for PBXNativeTarget "SimpleFRPBindingsTests" */;
			buildPhases = (
				8B8B53471AF1FC5800108D11 /* Sources */,
				8B8B53481AF1FC5800108D11 /* Frameworks */,
				8B8B53491AF1FC5800108D11 /* Resources */,
			);
			buildRules = (
			);
			dependencies = (
				8B8B534D1AF1FC5800108D11 /* PBXTargetDependency */,
			);
			name = SimpleFRPBindingsTests;
			productName = SimpleFRPBindingsTests;
			productReference = 8B8B534B1AF1FC5800108D11 /* SimpleFRPBindingsTests.xctest */;
			productType = "com.apple.product-type.bundle.unit-test";
		};
/* End PBXNativeTarget section */

/* Begin PBXProject section */
		8B8B53331AF1FC5800108D11 /* Project object */ = {
			isa = PBXProject;
			attributes = {
				LastUpgradeCheck = 0630;
				ORGANIZATIONNAME = letvargo;
				TargetAttributes = {
					8B8B533A1AF1FC5800108D11 = {
						CreatedOnToolsVersion = 6.3.1;
					};
					8B8B534A1AF1FC5800108D11 = {
						CreatedOnToolsVersion = 6.3.1;
						TestTargetID = 8B8B533A1AF1FC5800108D11;
					};
				};
			};
			buildConfigurationList = 8B8B53361AF1FC5800108D11 /* Build configuration list for PBXProject "SimpleFRPBindings" */;
			compatibilityVersion = "Xcode 3.2";
			developmentRegion = English;
			hasScannedForEncodings = 0;
			knownRegions = (
				en,
				Base,
			);
			mainGroup = 8B8B53321AF1FC5800108D11;
			productRefGroup = 8B8B533C1AF1FC5800108D11 /* Products */;
			projectDirPath = "";
			projectReferences = (
				{
					ProductGroup = 8B8B53621AF1FD5200108D11 /* Products */;
					ProjectRef = 8B8B53611AF1FD5200108D11 /* SimpleSwiftFRP.xcodeproj */;
				},
			);
			projectRoot = "";
			targets = (
				8B8B533A1AF1FC5800108D11 /* SimpleFRPBindings */,
				8B8B534A1AF1FC5800108D11 /* SimpleFRPBindingsTests */,
			);
		};
/* End PBXProject section */

/* Begin PBXReferenceProxy section */
		8B8B53671AF1FD5200108D11 /* SimpleSwiftFRP.framework */ = {
			isa = PBXReferenceProxy;
			fileType = wrapper.framework;
			path = SimpleSwiftFRP.framework;
			remoteRef = 8B8B53661AF1FD5200108D11 /* PBXContainerItemProxy */;
			sourceTree = BUILT_PRODUCTS_DIR;
		};
		8B8B53691AF1FD5200108D11 /* SimpleSwiftFRPTests.xctest */ = {
			isa = PBXReferenceProxy;
			fileType = wrapper.cfbundle;
			path = SimpleSwiftFRPTests.xctest;
			remoteRef = 8B8B53681AF1FD5200108D11 /* PBXContainerItemProxy */;
			sourceTree = BUILT_PRODUCTS_DIR;
		};
/* End PBXReferenceProxy section */

/* Begin PBXResourcesBuildPhase section */
		8B8B53391AF1FC5800108D11 /* Resources */ = {
			isa = PBXResourcesBuildPhase;
			buildActionMask = 2147483647;
			files = (
				8B8B53431AF1FC5800108D11 /* Images.xcassets in Resources */,
				8B8B535E1AF1FCBC00108D11 /* MainMenu.xib in Resources */,
			);
			runOnlyForDeploymentPostprocessing = 0;
		};
		8B8B53491AF1FC5800108D11 /* Resources */ = {
			isa = PBXResourcesBuildPhase;
			buildActionMask = 2147483647;
			files = (
			);
			runOnlyForDeploymentPostprocessing = 0;
		};
/* End PBXResourcesBuildPhase section */

/* Begin PBXSourcesBuildPhase section */
		8B8B53371AF1FC5800108D11 /* Sources */ = {
			isa = PBXSourcesBuildPhase;
			buildActionMask = 2147483647;
			files = (
				8B8B53601AF1FCBC00108D11 /* MainViewLogic.swift in Sources */,
				8B8B535F1AF1FCBC00108D11 /* MainViewController.swift in Sources */,
			);
			runOnlyForDeploymentPostprocessing = 0;
		};
		8B8B53471AF1FC5800108D11 /* Sources */ = {
			isa = PBXSourcesBuildPhase;
			buildActionMask = 2147483647;
			files = (
				8B8B53521AF1FC5900108D11 /* SimpleFRPBindingsTests.swift in Sources */,
			);
			runOnlyForDeploymentPostprocessing = 0;
		};
/* End PBXSourcesBuildPhase section */

/* Begin PBXTargetDependency section */
		8B8B534D1AF1FC5800108D11 /* PBXTargetDependency */ = {
			isa = PBXTargetDependency;
			target = 8B8B533A1AF1FC5800108D11 /* SimpleFRPBindings */;
			targetProxy = 8B8B534C1AF1FC5800108D11 /* PBXContainerItemProxy */;
		};
		8B8B536D1AF1FD5900108D11 /* PBXTargetDependency */ = {
			isa = PBXTargetDependency;
			name = SimpleSwiftFRP;
			targetProxy = 8B8B536C1AF1FD5900108D11 /* PBXContainerItemProxy */;
		};
/* End PBXTargetDependency section */

/* Begin XCBuildConfiguration section */
		8B8B53531AF1FC5900108D11 /* Debug */ = {
			isa = XCBuildConfiguration;
			buildSettings = {
				ALWAYS_SEARCH_USER_PATHS = NO;
				CLANG_CXX_LANGUAGE_STANDARD = "gnu++0x";
				CLANG_CXX_LIBRARY = "libc++";
				CLANG_ENABLE_MODULES = YES;
				CLANG_ENABLE_OBJC_ARC = YES;
				CLANG_WARN_BOOL_CONVERSION = YES;
				CLANG_WARN_CONSTANT_CONVERSION = YES;
				CLANG_WARN_DIRECT_OBJC_ISA_USAGE = YES_ERROR;
				CLANG_WARN_EMPTY_BODY = YES;
				CLANG_WARN_ENUM_CONVERSION = YES;
				CLANG_WARN_INT_CONVERSION = YES;
				CLANG_WARN_OBJC_ROOT_CLASS = YES_ERROR;
				CLANG_WARN_UNREACHABLE_CODE = YES;
				CLANG_WARN__DUPLICATE_METHOD_MATCH = YES;
				CODE_SIGN_IDENTITY = "-";
				COPY_PHASE_STRIP = NO;
				DEBUG_INFORMATION_FORMAT = dwarf;
				ENABLE_STRICT_OBJC_MSGSEND = YES;
				GCC_C_LANGUAGE_STANDARD = gnu99;
				GCC_DYNAMIC_NO_PIC = NO;
				GCC_NO_COMMON_BLOCKS = YES;
				GCC_OPTIMIZATION_LEVEL = 0;
				GCC_PREPROCESSOR_DEFINITIONS = (
					"DEBUG=1",
					"$(inherited)",
				);
				GCC_SYMBOLS_PRIVATE_EXTERN = NO;
				GCC_WARN_64_TO_32_BIT_CONVERSION = YES;
				GCC_WARN_ABOUT_RETURN_TYPE = YES_ERROR;
				GCC_WARN_UNDECLARED_SELECTOR = YES;
				GCC_WARN_UNINITIALIZED_AUTOS = YES_AGGRESSIVE;
				GCC_WARN_UNUSED_FUNCTION = YES;
				GCC_WARN_UNUSED_VARIABLE = YES;
				MACOSX_DEPLOYMENT_TARGET = 10.10;
				MTL_ENABLE_DEBUG_INFO = YES;
				ONLY_ACTIVE_ARCH = YES;
				SDKROOT = macosx;
				SWIFT_OPTIMIZATION_LEVEL = "-Onone";
			};
			name = Debug;
		};
		8B8B53541AF1FC5900108D11 /* Release */ = {
			isa = XCBuildConfiguration;
			buildSettings = {
				ALWAYS_SEARCH_USER_PATHS = NO;
				CLANG_CXX_LANGUAGE_STANDARD = "gnu++0x";
				CLANG_CXX_LIBRARY = "libc++";
				CLANG_ENABLE_MODULES = YES;
				CLANG_ENABLE_OBJC_ARC = YES;
				CLANG_WARN_BOOL_CONVERSION = YES;
				CLANG_WARN_CONSTANT_CONVERSION = YES;
				CLANG_WARN_DIRECT_OBJC_ISA_USAGE = YES_ERROR;
				CLANG_WARN_EMPTY_BODY = YES;
				CLANG_WARN_ENUM_CONVERSION = YES;
				CLANG_WARN_INT_CONVERSION = YES;
				CLANG_WARN_OBJC_ROOT_CLASS = YES_ERROR;
				CLANG_WARN_UNREACHABLE_CODE = YES;
				CLANG_WARN__DUPLICATE_METHOD_MATCH = YES;
				CODE_SIGN_IDENTITY = "-";
				COPY_PHASE_STRIP = NO;
				DEBUG_INFORMATION_FORMAT = "dwarf-with-dsym";
				ENABLE_NS_ASSERTIONS = NO;
				ENABLE_STRICT_OBJC_MSGSEND = YES;
				GCC_C_LANGUAGE_STANDARD = gnu99;
				GCC_NO_COMMON_BLOCKS = YES;
				GCC_WARN_64_TO_32_BIT_CONVERSION = YES;
				GCC_WARN_ABOUT_RETURN_TYPE = YES_ERROR;
				GCC_WARN_UNDECLARED_SELECTOR = YES;
				GCC_WARN_UNINITIALIZED_AUTOS = YES_AGGRESSIVE;
				GCC_WARN_UNUSED_FUNCTION = YES;
				GCC_WARN_UNUSED_VARIABLE = YES;
				MACOSX_DEPLOYMENT_TARGET = 10.10;
				MTL_ENABLE_DEBUG_INFO = NO;
				SDKROOT = macosx;
			};
			name = Release;
		};
		8B8B53561AF1FC5900108D11 /* Debug */ = {
			isa = XCBuildConfiguration;
			buildSettings = {
				ASSETCATALOG_COMPILER_APPICON_NAME = AppIcon;
				COMBINE_HIDPI_IMAGES = YES;
				INFOPLIST_FILE = SimpleFRPBindings/Info.plist;
				LD_RUNPATH_SEARCH_PATHS = "$(inherited) @executable_path/../Frameworks";
				PRODUCT_NAME = "$(TARGET_NAME)";
			};
			name = Debug;
		};
		8B8B53571AF1FC5900108D11 /* Release */ = {
			isa = XCBuildConfiguration;
			buildSettings = {
				ASSETCATALOG_COMPILER_APPICON_NAME = AppIcon;
				COMBINE_HIDPI_IMAGES = YES;
				INFOPLIST_FILE = SimpleFRPBindings/Info.plist;
				LD_RUNPATH_SEARCH_PATHS = "$(inherited) @executable_path/../Frameworks";
				PRODUCT_NAME = "$(TARGET_NAME)";
			};
			name = Release;
		};
		8B8B53591AF1FC5900108D11 /* Debug */ = {
			isa = XCBuildConfiguration;
			buildSettings = {
				BUNDLE_LOADER = "$(TEST_HOST)";
				COMBINE_HIDPI_IMAGES = YES;
				FRAMEWORK_SEARCH_PATHS = (
					"$(DEVELOPER_FRAMEWORKS_DIR)",
					"$(inherited)",
				);
				GCC_PREPROCESSOR_DEFINITIONS = (
					"DEBUG=1",
					"$(inherited)",
				);
				INFOPLIST_FILE = SimpleFRPBindingsTests/Info.plist;
				LD_RUNPATH_SEARCH_PATHS = "$(inherited) @executable_path/../Frameworks @loader_path/../Frameworks";
				PRODUCT_NAME = "$(TARGET_NAME)";
				TEST_HOST = "$(BUILT_PRODUCTS_DIR)/SimpleFRPBindings.app/Contents/MacOS/SimpleFRPBindings";
			};
			name = Debug;
		};
		8B8B535A1AF1FC5900108D11 /* Release */ = {
			isa = XCBuildConfiguration;
			buildSettings = {
				BUNDLE_LOADER = "$(TEST_HOST)";
				COMBINE_HIDPI_IMAGES = YES;
				FRAMEWORK_SEARCH_PATHS = (
					"$(DEVELOPER_FRAMEWORKS_DIR)",
					"$(inherited)",
				);
				INFOPLIST_FILE = SimpleFRPBindingsTests/Info.plist;
				LD_RUNPATH_SEARCH_PATHS = "$(inherited) @executable_path/../Frameworks @loader_path/../Frameworks";
				PRODUCT_NAME = "$(TARGET_NAME)";
				TEST_HOST = "$(BUILT_PRODUCTS_DIR)/SimpleFRPBindings.app/Contents/MacOS/SimpleFRPBindings";
			};
			name = Release;
		};
/* End XCBuildConfiguration section */

/* Begin XCConfigurationList section */
		8B8B53361AF1FC5800108D11 /* Build configuration list for PBXProject "SimpleFRPBindings" */ = {
			isa = XCConfigurationList;
			buildConfigurations = (
				8B8B53531AF1FC5900108D11 /* Debug */,
				8B8B53541AF1FC5900108D11 /* Release */,
			);
			defaultConfigurationIsVisible = 0;
			defaultConfigurationName = Release;
		};
		8B8B53551AF1FC5900108D11 /* Build configuration list for PBXNativeTarget "SimpleFRPBindings" */ = {
			isa = XCConfigurationList;
			buildConfigurations = (
				8B8B53561AF1FC5900108D11 /* Debug */,
				8B8B53571AF1FC5900108D11 /* Release */,
			);
			defaultConfigurationIsVisible = 0;
			defaultConfigurationName = Release;
		};
		8B8B53581AF1FC5900108D11 /* Build configuration list for PBXNativeTarget "SimpleFRPBindingsTests" */ = {
			isa = XCConfigurationList;
			buildConfigurations = (
				8B8B53591AF1FC5900108D11 /* Debug */,
				8B8B535A1AF1FC5900108D11 /* Release */,
			);
			defaultConfigurationIsVisible = 0;
			defaultConfigurationName = Release;
		};
/* End XCConfigurationList section */
	};
	rootObject = 8B8B53331AF1FC5800108D11 /* Project object */;
}
